
Microsoft Visual Studio Solution File, Format Version 12.00
# Visual Studio Version 17
VisualStudioVersion = 17.0.31903.59
MinimumVisualStudioVersion = 10.0.40219.1
Project("{F2A71F9B-5D33-465A-A702-920D77279786}") = "hodgepodge", "hodgepodge\hodgepodge.fsproj", "{E3B44036-DF26-4248-80F8-B2579501C21B}"
EndProject
Project("{F2A71F9B-5D33-465A-A702-920D77279786}") = "hodgepodge-cli", "hodgepodge-cli\hodgepodge-cli.fsproj", "{7B245A43-994C-4E03-86C3-FDF35F64C41D}"
EndProject
Project("{F2A71F9B-5D33-465A-A702-920D77279786}") = "hodgepodge-tests", "hodgepodge-tests\hodgepodge-tests.fsproj", "{84618BD5-0939-4222-92F6-D51124188CBA}"
EndProject
Global
	GlobalSection(SolutionConfigurationPlatforms) = preSolution
		Debug|Any CPU = Debug|Any CPU
		Release|Any CPU = Release|Any CPU
	EndGlobalSection
	GlobalSection(ProjectConfigurationPlatforms) = postSolution
		{E3B44036-DF26-4248-80F8-B2579501C21B}.Debug|Any CPU.ActiveCfg = Debug|Any CPU
		{E3B44036-DF26-4248-80F8-B2579501C21B}.Debug|Any CPU.Build.0 = Debug|Any CPU
		{E3B44036-DF26-4248-80F8-B2579501C21B}.Release|Any CPU.ActiveCfg = Release|Any CPU
		{E3B44036-DF26-4248-80F8-B2579501C21B}.Release|Any CPU.Build.0 = Release|Any CPU
		{7B245A43-994C-4E03-86C3-FDF35F64C41D}.Debug|Any CPU.ActiveCfg = Debug|Any CPU
		{7B245A43-994C-4E03-86C3-FDF35F64C41D}.Debug|Any CPU.Build.0 = Debug|Any CPU
		{7B245A43-994C-4E03-86C3-FDF35F64C41D}.Release|Any CPU.ActiveCfg = Release|Any CPU
		{7B245A43-994C-4E03-86C3-FDF35F64C41D}.Release|Any CPU.Build.0 = Release|Any CPU
		{84618BD5-0939-4222-92F6-D51124188CBA}.Debug|Any CPU.ActiveCfg = Debug|Any CPU
		{84618BD5-0939-4222-92F6-D51124188CBA}.Debug|Any CPU.Build.0 = Debug|Any CPU
		{84618BD5-0939-4222-92F6-D51124188CBA}.Release|Any CPU.ActiveCfg = Release|Any CPU
		{84618BD5-0939-4222-92F6-D51124188CBA}.Release|Any CPU.Build.0 = Release|Any CPU
	EndGlobalSection
	GlobalSection(SolutionProperties) = preSolution
		HideSolutionNode = FALSE
	EndGlobalSection
	GlobalSection(ExtensibilityGlobals) = postSolution
		SolutionGuid = {63290601-5D99-4022-A10A-73B5D432569D}
	EndGlobalSection
EndGlobal
